
Microsoft Visual Studio Solution File, Format Version 12.00
# Visual Studio Version 16
VisualStudioVersion = 16.0.34601.136
MinimumVisualStudioVersion = 10.0.40219.1
Project("{FAE04EC0-301F-11D3-BF4B-00C04F79EFBC}") = "Proyecto AWWS", "Proyecto AWWS.csproj", "{8E2178D2-2382-49B9-A11D-5FA5B8C01EE3}"
EndProject
Project("{FAE04EC0-301F-11D3-BF4B-00C04F79EFBC}") = "CapaEntidad", "..\CapaEntidad\CapaEntidad.csproj", "{B7CADEC1-99E8-47E2-9F3D-E421B946D143}"
EndProject
Global
	GlobalSection(SolutionConfigurationPlatforms) = preSolution
		Debug|Any CPU = Debug|Any CPU
		Release|Any CPU = Release|Any CPU
	EndGlobalSection
	GlobalSection(ProjectConfigurationPlatforms) = postSolution
		{8E2178D2-2382-49B9-A11D-5FA5B8C01EE3}.Debug|Any CPU.ActiveCfg = Debug|Any CPU
		{8E2178D2-2382-49B9-A11D-5FA5B8C01EE3}.Debug|Any CPU.Build.0 = Debug|Any CPU
		{8E2178D2-2382-49B9-A11D-5FA5B8C01EE3}.Release|Any CPU.ActiveCfg = Release|Any CPU
		{8E2178D2-2382-49B9-A11D-5FA5B8C01EE3}.Release|Any CPU.Build.0 = Release|Any CPU
		{B7CADEC1-99E8-47E2-9F3D-E421B946D143}.Debug|Any CPU.ActiveCfg = Debug|Any CPU
		{B7CADEC1-99E8-47E2-9F3D-E421B946D143}.Debug|Any CPU.Build.0 = Debug|Any CPU
		{B7CADEC1-99E8-47E2-9F3D-E421B946D143}.Release|Any CPU.ActiveCfg = Release|Any CPU
		{B7CADEC1-99E8-47E2-9F3D-E421B946D143}.Release|Any CPU.Build.0 = Release|Any CPU
	EndGlobalSection
	GlobalSection(SolutionProperties) = preSolution
		HideSolutionNode = FALSE
	EndGlobalSection
	GlobalSection(ExtensibilityGlobals) = postSolution
		SolutionGuid = {E840D17D-C5AB-4565-8F74-0A07A3141273}
	EndGlobalSection
EndGlobal
